
Microsoft Visual Studio Solution File, Format Version 12.00
# Visual Studio Version 17
VisualStudioVersion = 17.5.002.0
MinimumVisualStudioVersion = 10.0.40219.1
Project("{9A19103F-16F7-4668-BE54-9A1E7A4F7556}") = "001_HW", "001_HW.csproj", "{5F8C9FE3-4766-444B-AEFB-997861538C74}"
EndProject
Global
	GlobalSection(SolutionConfigurationPlatforms) = preSolution
		Debug|Any CPU = Debug|Any CPU
		Release|Any CPU = Release|Any CPU
	EndGlobalSection
	GlobalSection(ProjectConfigurationPlatforms) = postSolution
		{5F8C9FE3-4766-444B-AEFB-997861538C74}.Debug|Any CPU.ActiveCfg = Debug|Any CPU
		{5F8C9FE3-4766-444B-AEFB-997861538C74}.Debug|Any CPU.Build.0 = Debug|Any CPU
		{5F8C9FE3-4766-444B-AEFB-997861538C74}.Release|Any CPU.ActiveCfg = Release|Any CPU
		{5F8C9FE3-4766-444B-AEFB-997861538C74}.Release|Any CPU.Build.0 = Release|Any CPU
	EndGlobalSection
	GlobalSection(SolutionProperties) = preSolution
		HideSolutionNode = FALSE
	EndGlobalSection
	GlobalSection(ExtensibilityGlobals) = postSolution
		SolutionGuid = {5A6B67A3-804A-4628-9B51-2D47B1BBB7F4}
	EndGlobalSection
EndGlobal
